
Microsoft Visual Studio Solution File, Format Version 12.00
# Visual Studio 15
VisualStudioVersion = 15.0.26124.0
MinimumVisualStudioVersion = 15.0.26124.0
Project("{2150E333-8FDC-42A3-9474-1A3956D46DE8}") = "src", "src", "{F8E823BA-AC08-4939-B82C-0C537C350D78}"
EndProject
Project("{FAE04EC0-301F-11D3-BF4B-00C04F79EFBC}") = "common", "src\common\common.csproj", "{636F9804-ADCE-40EB-9232-640CEBE24088}"
EndProject
Project("{FAE04EC0-301F-11D3-BF4B-00C04F79EFBC}") = "vault-micro", "src\vault-micro\vault-micro.csproj", "{D9FEF254-E2B7-4780-AA74-05C65E25D07C}"
EndProject
Global
	GlobalSection(SolutionConfigurationPlatforms) = preSolution
		Debug|Any CPU = Debug|Any CPU
		Debug|x64 = Debug|x64
		Debug|x86 = Debug|x86
		Release|Any CPU = Release|Any CPU
		Release|x64 = Release|x64
		Release|x86 = Release|x86
	EndGlobalSection
	GlobalSection(SolutionProperties) = preSolution
		HideSolutionNode = FALSE
	EndGlobalSection
	GlobalSection(ProjectConfigurationPlatforms) = postSolution
		{636F9804-ADCE-40EB-9232-640CEBE24088}.Debug|Any CPU.ActiveCfg = Debug|Any CPU
		{636F9804-ADCE-40EB-9232-640CEBE24088}.Debug|Any CPU.Build.0 = Debug|Any CPU
		{636F9804-ADCE-40EB-9232-640CEBE24088}.Debug|x64.ActiveCfg = Debug|Any CPU
		{636F9804-ADCE-40EB-9232-640CEBE24088}.Debug|x64.Build.0 = Debug|Any CPU
		{636F9804-ADCE-40EB-9232-640CEBE24088}.Debug|x86.ActiveCfg = Debug|Any CPU
		{636F9804-ADCE-40EB-9232-640CEBE24088}.Debug|x86.Build.0 = Debug|Any CPU
		{636F9804-ADCE-40EB-9232-640CEBE24088}.Release|Any CPU.ActiveCfg = Release|Any CPU
		{636F9804-ADCE-40EB-9232-640CEBE24088}.Release|Any CPU.Build.0 = Release|Any CPU
		{636F9804-ADCE-40EB-9232-640CEBE24088}.Release|x64.ActiveCfg = Release|Any CPU
		{636F9804-ADCE-40EB-9232-640CEBE24088}.Release|x64.Build.0 = Release|Any CPU
		{636F9804-ADCE-40EB-9232-640CEBE24088}.Release|x86.ActiveCfg = Release|Any CPU
		{636F9804-ADCE-40EB-9232-640CEBE24088}.Release|x86.Build.0 = Release|Any CPU
		{D9FEF254-E2B7-4780-AA74-05C65E25D07C}.Debug|Any CPU.ActiveCfg = Debug|Any CPU
		{D9FEF254-E2B7-4780-AA74-05C65E25D07C}.Debug|Any CPU.Build.0 = Debug|Any CPU
		{D9FEF254-E2B7-4780-AA74-05C65E25D07C}.Debug|x64.ActiveCfg = Debug|Any CPU
		{D9FEF254-E2B7-4780-AA74-05C65E25D07C}.Debug|x64.Build.0 = Debug|Any CPU
		{D9FEF254-E2B7-4780-AA74-05C65E25D07C}.Debug|x86.ActiveCfg = Debug|Any CPU
		{D9FEF254-E2B7-4780-AA74-05C65E25D07C}.Debug|x86.Build.0 = Debug|Any CPU
		{D9FEF254-E2B7-4780-AA74-05C65E25D07C}.Release|Any CPU.ActiveCfg = Release|Any CPU
		{D9FEF254-E2B7-4780-AA74-05C65E25D07C}.Release|Any CPU.Build.0 = Release|Any CPU
		{D9FEF254-E2B7-4780-AA74-05C65E25D07C}.Release|x64.ActiveCfg = Release|Any CPU
		{D9FEF254-E2B7-4780-AA74-05C65E25D07C}.Release|x64.Build.0 = Release|Any CPU
		{D9FEF254-E2B7-4780-AA74-05C65E25D07C}.Release|x86.ActiveCfg = Release|Any CPU
		{D9FEF254-E2B7-4780-AA74-05C65E25D07C}.Release|x86.Build.0 = Release|Any CPU
	EndGlobalSection
	GlobalSection(NestedProjects) = preSolution
		{636F9804-ADCE-40EB-9232-640CEBE24088} = {F8E823BA-AC08-4939-B82C-0C537C350D78}
		{D9FEF254-E2B7-4780-AA74-05C65E25D07C} = {F8E823BA-AC08-4939-B82C-0C537C350D78}
	EndGlobalSection
EndGlobal
